hash: 3b9bfc1ce15bd52cd1d235d6f13bb6c9eba0cdeb4c3582fe25b89bb40f48dd3b
updated: 2017-02-06T23:30:18.913805184+08:00
imports:
- name: github.com/BurntSushi/toml
  version: bbd5bb678321a0d6e58f1099321dfa73391c1b6f
- name: github.com/olekukonko/tablewriter
  version: febf2d34b54a69ce7530036c7503b1c9fbfdf0bb
- name: github.com/PuerkitoBio/goquery
  version: 3cb3b8656883c2cc3deb9c643d93ea6e5157e425
testImports: []
